
Microsoft Visual Studio Solution File, Format Version 12.00
# Visual Studio Version 16
VisualStudioVersion = 16.0.30907.101
MinimumVisualStudioVersion = 10.0.40219.1
Project("{FAE04EC0-301F-11D3-BF4B-00C04F79EFBC}") = "WindowsFormsApp1Ex9", "WindowsFormsApp1Ex9\WindowsFormsApp1Ex9.csproj", "{010BB340-DE67-4D29-8497-66969DFCE631}"
EndProject
Global
	GlobalSection(SolutionConfigurationPlatforms) = preSolution
		Debug|Any CPU = Debug|Any CPU
		Release|Any CPU = Release|Any CPU
	EndGlobalSection
	GlobalSection(ProjectConfigurationPlatforms) = postSolution
		{010BB340-DE67-4D29-8497-66969DFCE631}.Debug|Any CPU.ActiveCfg = Debug|Any CPU
		{010BB340-DE67-4D29-8497-66969DFCE631}.Debug|Any CPU.Build.0 = Debug|Any CPU
		{010BB340-DE67-4D29-8497-66969DFCE631}.Release|Any CPU.ActiveCfg = Release|Any CPU
		{010BB340-DE67-4D29-8497-66969DFCE631}.Release|Any CPU.Build.0 = Release|Any CPU
	EndGlobalSection
	GlobalSection(SolutionProperties) = preSolution
		HideSolutionNode = FALSE
	EndGlobalSection
	GlobalSection(ExtensibilityGlobals) = postSolution
		SolutionGuid = {31B3F2DF-1F9C-4A95-A011-7DB94929AEEC}
	EndGlobalSection
EndGlobal
